
Microsoft Visual Studio Solution File, Format Version 12.00
# Visual Studio Version 17
VisualStudioVersion = 17.10.35027.167
MinimumVisualStudioVersion = 10.0.40219.1
Project("{9A19103F-16F7-4668-BE54-9A1E7A4F7556}") = "Maui.BottomSheet", "Maui.BottomSheet\Maui.BottomSheet.csproj", "{45019AFF-39EF-4324-AADB-8D49B9B82061}"
EndProject
Project("{9A19103F-16F7-4668-BE54-9A1E7A4F7556}") = "SampleApp", "SampleApp\SampleApp.csproj", "{2BEA386D-8F0A-4686-8635-49CC97C5DE25}"
EndProject
Global
	GlobalSection(SolutionConfigurationPlatforms) = preSolution
		Debug|Any CPU = Debug|Any CPU
		Release|Any CPU = Release|Any CPU
	EndGlobalSection
	GlobalSection(ProjectConfigurationPlatforms) = postSolution
		{45019AFF-39EF-4324-AADB-8D49B9B82061}.Debug|Any CPU.ActiveCfg = Debug|Any CPU
		{45019AFF-39EF-4324-AADB-8D49B9B82061}.Debug|Any CPU.Build.0 = Debug|Any CPU
		{45019AFF-39EF-4324-AADB-8D49B9B82061}.Release|Any CPU.ActiveCfg = Release|Any CPU
		{45019AFF-39EF-4324-AADB-8D49B9B82061}.Release|Any CPU.Build.0 = Release|Any CPU
		{2BEA386D-8F0A-4686-8635-49CC97C5DE25}.Debug|Any CPU.ActiveCfg = Debug|Any CPU
		{2BEA386D-8F0A-4686-8635-49CC97C5DE25}.Debug|Any CPU.Build.0 = Debug|Any CPU
		{2BEA386D-8F0A-4686-8635-49CC97C5DE25}.Debug|Any CPU.Deploy.0 = Debug|Any CPU
		{2BEA386D-8F0A-4686-8635-49CC97C5DE25}.Release|Any CPU.ActiveCfg = Release|Any CPU
		{2BEA386D-8F0A-4686-8635-49CC97C5DE25}.Release|Any CPU.Build.0 = Release|Any CPU
		{2BEA386D-8F0A-4686-8635-49CC97C5DE25}.Release|Any CPU.Deploy.0 = Release|Any CPU
	EndGlobalSection
	GlobalSection(SolutionProperties) = preSolution
		HideSolutionNode = FALSE
	EndGlobalSection
	GlobalSection(ExtensibilityGlobals) = postSolution
		SolutionGuid = {F9C1161C-BB9F-478E-BBF2-E540A6B6B1F7}
	EndGlobalSection
EndGlobal
